
Microsoft Visual Studio Solution File, Format Version 12.00
# Visual Studio 15
VisualStudioVersion = 15.0.28307.539
MinimumVisualStudioVersion = 10.0.40219.1
Project("{9A19103F-16F7-4668-BE54-9A1E7A4F7556}") = "TypeScriptTests", "TypeScriptTests\TypeScriptTests.csproj", "{088D92EC-6C63-46B7-8844-A085D48EC7BB}"
EndProject
Project("{FAE04EC0-301F-11D3-BF4B-00C04F79EFBC}") = "DOMManipulation", "DOMManipulation\DOMManipulation.csproj", "{54C817CA-FE73-4331-A0B5-18B4D2C8B9F1}"
EndProject
Global
	GlobalSection(SolutionConfigurationPlatforms) = preSolution
		Debug|Any CPU = Debug|Any CPU
		Release|Any CPU = Release|Any CPU
	EndGlobalSection
	GlobalSection(ProjectConfigurationPlatforms) = postSolution
		{088D92EC-6C63-46B7-8844-A085D48EC7BB}.Debug|Any CPU.ActiveCfg = Debug|Any CPU
		{088D92EC-6C63-46B7-8844-A085D48EC7BB}.Debug|Any CPU.Build.0 = Debug|Any CPU
		{088D92EC-6C63-46B7-8844-A085D48EC7BB}.Release|Any CPU.ActiveCfg = Release|Any CPU
		{088D92EC-6C63-46B7-8844-A085D48EC7BB}.Release|Any CPU.Build.0 = Release|Any CPU
		{54C817CA-FE73-4331-A0B5-18B4D2C8B9F1}.Debug|Any CPU.ActiveCfg = Debug|Any CPU
		{54C817CA-FE73-4331-A0B5-18B4D2C8B9F1}.Debug|Any CPU.Build.0 = Debug|Any CPU
		{54C817CA-FE73-4331-A0B5-18B4D2C8B9F1}.Release|Any CPU.ActiveCfg = Release|Any CPU
		{54C817CA-FE73-4331-A0B5-18B4D2C8B9F1}.Release|Any CPU.Build.0 = Release|Any CPU
	EndGlobalSection
	GlobalSection(SolutionProperties) = preSolution
		HideSolutionNode = FALSE
	EndGlobalSection
	GlobalSection(ExtensibilityGlobals) = postSolution
		SolutionGuid = {0F9F0D54-B6BA-4389-A7E2-A3CE99E9F0BE}
	EndGlobalSection
EndGlobal
